
Microsoft Visual Studio Solution File, Format Version 12.00
# Visual Studio 15
Project("{FAE04EC0-301F-11D3-BF4B-00C04F79EFBC}") = "UniRx", "UniRx.csproj", "{29E99F8B-ED77-4907-B1B0-CA1ADA9BEA79}"
EndProject
Project("{FAE04EC0-301F-11D3-BF4B-00C04F79EFBC}") = "UniRx.Examples", "UniRx.Examples.csproj", "{5E79643A-B912-C34D-0223-65967007E899}"
EndProject
Project("{FAE04EC0-301F-11D3-BF4B-00C04F79EFBC}") = "Assembly-CSharp", "Assembly-CSharp.csproj", "{C742C387-63F6-80DD-85B3-6B3E630E1325}"
EndProject
Global
	GlobalSection(SolutionConfigurationPlatforms) = preSolution
		Debug|Any CPU = Debug|Any CPU
		Release|Any CPU = Release|Any CPU
	EndGlobalSection
	GlobalSection(ProjectConfigurationPlatforms) = postSolution
		{29E99F8B-ED77-4907-B1B0-CA1ADA9BEA79}.Debug|Any CPU.ActiveCfg = Debug|Any CPU
		{29E99F8B-ED77-4907-B1B0-CA1ADA9BEA79}.Debug|Any CPU.Build.0 = Debug|Any CPU
		{29E99F8B-ED77-4907-B1B0-CA1ADA9BEA79}.Release|Any CPU.ActiveCfg = Release|Any CPU
		{29E99F8B-ED77-4907-B1B0-CA1ADA9BEA79}.Release|Any CPU.Build.0 = Release|Any CPU
		{5E79643A-B912-C34D-0223-65967007E899}.Debug|Any CPU.ActiveCfg = Debug|Any CPU
		{5E79643A-B912-C34D-0223-65967007E899}.Debug|Any CPU.Build.0 = Debug|Any CPU
		{5E79643A-B912-C34D-0223-65967007E899}.Release|Any CPU.ActiveCfg = Release|Any CPU
		{5E79643A-B912-C34D-0223-65967007E899}.Release|Any CPU.Build.0 = Release|Any CPU
		{C742C387-63F6-80DD-85B3-6B3E630E1325}.Debug|Any CPU.ActiveCfg = Debug|Any CPU
		{C742C387-63F6-80DD-85B3-6B3E630E1325}.Debug|Any CPU.Build.0 = Debug|Any CPU
		{C742C387-63F6-80DD-85B3-6B3E630E1325}.Release|Any CPU.ActiveCfg = Release|Any CPU
		{C742C387-63F6-80DD-85B3-6B3E630E1325}.Release|Any CPU.Build.0 = Release|Any CPU
	EndGlobalSection
	GlobalSection(SolutionProperties) = preSolution
		HideSolutionNode = FALSE
	EndGlobalSection
	GlobalSection(MonoDevelopProperties) = preSolution
		StartupItem = Assembly-CSharp.csproj
	EndGlobalSection
EndGlobal
